// !$*UTF8*$!
{
	archiveVersion = 1;
	classes = {
	};
	objectVersion = 77;
	objects = {

/* Begin PBXBuildFile section */
		06BDC2D2907A6188CDF10CDE /* VoiceSettingsView.swift in Sources */ = {isa = PBXBuildFile; fileRef = 111BD0D7A61F24FDA7ED165C /* VoiceSettingsView.swift */; };
		090713634A1A6AA642140833 /* HermesAPIClient.swift in Sources */ = {isa = PBXBuildFile; fileRef = 497EB3A78A1FA95B37C99AB4 /* HermesAPIClient.swift */; };
		159D645ED21E0A0B268E972B /* AppearanceSettings.swift in Sources */ = {isa = PBXBuildFile; fileRef = 73744DD7755B96A455966F0B /* AppearanceSettings.swift */; };
		1CEEEA7AA202CFB1EACF6FBA /* HermesThemes.swift in Sources */ = {isa = PBXBuildFile; fileRef = 66A7E7C23745B5ED58953167 /* HermesThemes.swift */; };
		1E7817CB4161ADFFE75D5B79 /* AppStore.swift in Sources */ = {isa = PBXBuildFile; fileRef = 4A4E7B2B3C67580BB0A71C4C /* AppStore.swift */; };
		3A321980B7C573E252E73B94 /* KeychainManager.swift in Sources */ = {isa = PBXBuildFile; fileRef = 5E8118B694B0A64F91BE0369 /* KeychainManager.swift */; };
		3C5B316A8C97FB0309855517 /* ChatView.swift in Sources */ = {isa = PBXBuildFile; fileRef = 607284F3E16CE64024116B5A /* ChatView.swift */; };
		46B86EDE872B162DFABA640A /* SettingsView.swift in Sources */ = {isa = PBXBuildFile; fileRef = 90DC1456F9DDA1F6E6A9BC05 /* SettingsView.swift */; };
		5DC81AF16C507C454840EB47 /* VoiceTranscriber.swift in Sources */ = {isa = PBXBuildFile; fileRef = 323B4CE9CDC63D3E124F051B /* VoiceTranscriber.swift */; };
		61377F4AC5E3A85BA6402496 /* Assets.xcassets in Resources */ = {isa = PBXBuildFile; fileRef = A7511EED5D149EE15F396D2F /* Assets.xcassets */; };
		65563F266A0294EAAF0008E5 /* GlassTheme.swift in Sources */ = {isa = PBXBuildFile; fileRef = 53907E499DA24C590A36DA7A /* GlassTheme.swift */; };
		67280C486BF59EDE78845066 /* VoiceConversationManager.swift in Sources */ = {isa = PBXBuildFile; fileRef = 6346FF829FB3BF801B8602B2 /* VoiceConversationManager.swift */; };
		6880344859436CE0F8CC146A /* VoiceConversationPage.swift in Sources */ = {isa = PBXBuildFile; fileRef = 86EA7AA684EE78863AEC2F0A /* VoiceConversationPage.swift */; };
		6B6F48425CBD5DB39DFA0D17 /* LocalLLMManager.swift in Sources */ = {isa = PBXBuildFile; fileRef = 9E4647E786299A5ADBD2D24D /* LocalLLMManager.swift */; };
		7ECDCA84AFB356E702178F2A /* ConnectionSetupView.swift in Sources */ = {isa = PBXBuildFile; fileRef = 347A8180AE6F941EDF51CFEE /* ConnectionSetupView.swift */; };
		8169CA68B0F068C4C454AA05 /* HermesCompanionApp.swift in Sources */ = {isa = PBXBuildFile; fileRef = 12C57FABBFF2052F11309F06 /* HermesCompanionApp.swift */; };
		848AF4A8EBE61688B4E15948 /* AppConfig.swift in Sources */ = {isa = PBXBuildFile; fileRef = 93E26F58E842815866FD9986 /* AppConfig.swift */; };
		9326CB4014893810CB4C04B4 /* Models.swift in Sources */ = {isa = PBXBuildFile; fileRef = 13839144B0503760269527F6 /* Models.swift */; };
		A7C964BA91BD19B6BE8FA0B9 /* FilePickerView.swift in Sources */ = {isa = PBXBuildFile; fileRef = BE611F1C01056A05C20BC7AA /* FilePickerView.swift */; };
		DF0FB0C835B0C2295CADEA9F /* TerminalThemes.swift in Sources */ = {isa = PBXBuildFile; fileRef = 2028A3E91C21B0A78D04F0BC /* TerminalThemes.swift */; };
		E17EEB828AE68D190408C742 /* AppearanceSettingsView.swift in Sources */ = {isa = PBXBuildFile; fileRef = F7A1BB077B5C9F7833608AA0 /* AppearanceSettingsView.swift */; };
		E5A0A1B90BAD77CBA352019D /* SessionPickerView.swift in Sources */ = {isa = PBXBuildFile; fileRef = 551BA7C230D94529FD10F5D2 /* SessionPickerView.swift */; };
/* End PBXBuildFile section */

/* Begin PBXFileReference section */
		111BD0D7A61F24FDA7ED165C /* VoiceSettingsView.swift */ = {isa = PBXFileReference; lastKnownFileType = sourcecode.swift; path = VoiceSettingsView.swift; sourceTree = "<group>"; };
		12C57FABBFF2052F11309F06 /* HermesCompanionApp.swift */ = {isa = PBXFileReference; lastKnownFileType = sourcecode.swift; path = HermesCompanionApp.swift; sourceTree = "<group>"; };
		13839144B0503760269527F6 /* Models.swift */ = {isa = PBXFileReference; lastKnownFileType = sourcecode.swift; path = Models.swift; sourceTree = "<group>"; };
		2028A3E91C21B0A78D04F0BC /* TerminalThemes.swift */ = {isa = PBXFileReference; lastKnownFileType = sourcecode.swift; path = TerminalThemes.swift; sourceTree = "<group>"; };
		323B4CE9CDC63D3E124F051B /* VoiceTranscriber.swift */ = {isa = PBXFileReference; lastKnownFileType = sourcecode.swift; path = VoiceTranscriber.swift; sourceTree = "<group>"; };
		347A8180AE6F941EDF51CFEE /* ConnectionSetupView.swift */ = {isa = PBXFileReference; lastKnownFileType = sourcecode.swift; path = ConnectionSetupView.swift; sourceTree = "<group>"; };
		497EB3A78A1FA95B37C99AB4 /* HermesAPIClient.swift */ = {isa = PBXFileReference; lastKnownFileType = sourcecode.swift; path = HermesAPIClient.swift; sourceTree = "<group>"; };
		4A4E7B2B3C67580BB0A71C4C /* AppStore.swift */ = {isa = PBXFileReference; lastKnownFileType = sourcecode.swift; path = AppStore.swift; sourceTree = "<group>"; };
		53907E499DA24C590A36DA7A /* GlassTheme.swift */ = {isa = PBXFileReference; lastKnownFileType = sourcecode.swift; path = GlassTheme.swift; sourceTree = "<group>"; };
		551BA7C230D94529FD10F5D2 /* SessionPickerView.swift */ = {isa = PBXFileReference; lastKnownFileType = sourcecode.swift; path = SessionPickerView.swift; sourceTree = "<group>"; };
		5E8118B694B0A64F91BE0369 /* KeychainManager.swift */ = {isa = PBXFileReference; lastKnownFileType = sourcecode.swift; path = KeychainManager.swift; sourceTree = "<group>"; };
		607284F3E16CE64024116B5A /* ChatView.swift */ = {isa = PBXFileReference; lastKnownFileType = sourcecode.swift; path = ChatView.swift; sourceTree = "<group>"; };
		6346FF829FB3BF801B8602B2 /* VoiceConversationManager.swift */ = {isa = PBXFileReference; lastKnownFileType = sourcecode.swift; path = VoiceConversationManager.swift; sourceTree = "<group>"; };
		66A7E7C23745B5ED58953167 /* HermesThemes.swift */ = {isa = PBXFileReference; lastKnownFileType = sourcecode.swift; path = HermesThemes.swift; sourceTree = "<group>"; };
		73744DD7755B96A455966F0B /* AppearanceSettings.swift */ = {isa = PBXFileReference; lastKnownFileType = sourcecode.swift; path = AppearanceSettings.swift; sourceTree = "<group>"; };
		86EA7AA684EE78863AEC2F0A /* VoiceConversationPage.swift */ = {isa = PBXFileReference; lastKnownFileType = sourcecode.swift; path = VoiceConversationPage.swift; sourceTree = "<group>"; };
		90DC1456F9DDA1F6E6A9BC05 /* SettingsView.swift */ = {isa = PBXFileReference; lastKnownFileType = sourcecode.swift; path = SettingsView.swift; sourceTree = "<group>"; };
		93E26F58E842815866FD9986 /* AppConfig.swift */ = {isa = PBXFileReference; lastKnownFileType = sourcecode.swift; path = AppConfig.swift; sourceTree = "<group>"; };
		9E4647E786299A5ADBD2D24D /* LocalLLMManager.swift */ = {isa = PBXFileReference; lastKnownFileType = sourcecode.swift; path = LocalLLMManager.swift; sourceTree = "<group>"; };
		A64856389980D1D73A2DC3C3 /* HermesCompanion.app */ = {isa = PBXFileReference; includeInIndex = 0; lastKnownFileType = wrapper.application; path = HermesCompanion.app; sourceTree = BUILT_PRODUCTS_DIR; };
		A7511EED5D149EE15F396D2F /* Assets.xcassets */ = {isa = PBXFileReference; lastKnownFileType = folder.assetcatalog; path = Assets.xcassets; sourceTree = "<group>"; };
		BE611F1C01056A05C20BC7AA /* FilePickerView.swift */ = {isa = PBXFileReference; lastKnownFileType = sourcecode.swift; path = FilePickerView.swift; sourceTree = "<group>"; };
		F7A1BB077B5C9F7833608AA0 /* AppearanceSettingsView.swift */ = {isa = PBXFileReference; lastKnownFileType = sourcecode.swift; path = AppearanceSettingsView.swift; sourceTree = "<group>"; };
/* End PBXFileReference section */

/* Begin PBXGroup section */
		396DEF30D87976E05A74CB21 = {
			isa = PBXGroup;
			children = (
				56C31E72F342FA7E6A568D30 /* Sources */,
				528A6F70550B0766167EF200 /* Products */,
			);
			sourceTree = "<group>";
		};
		528A6F70550B0766167EF200 /* Products */ = {
			isa = PBXGroup;
			children = (
				A64856389980D1D73A2DC3C3 /* HermesCompanion.app */,
			);
			name = Products;
			sourceTree = "<group>";
		};
		56C31E72F342FA7E6A568D30 /* Sources */ = {
			isa = PBXGroup;
			children = (
				93E26F58E842815866FD9986 /* AppConfig.swift */,
				73744DD7755B96A455966F0B /* AppearanceSettings.swift */,
				F7A1BB077B5C9F7833608AA0 /* AppearanceSettingsView.swift */,
				4A4E7B2B3C67580BB0A71C4C /* AppStore.swift */,
				A7511EED5D149EE15F396D2F /* Assets.xcassets */,
				607284F3E16CE64024116B5A /* ChatView.swift */,
				347A8180AE6F941EDF51CFEE /* ConnectionSetupView.swift */,
				BE611F1C01056A05C20BC7AA /* FilePickerView.swift */,
				53907E499DA24C590A36DA7A /* GlassTheme.swift */,
				497EB3A78A1FA95B37C99AB4 /* HermesAPIClient.swift */,
				12C57FABBFF2052F11309F06 /* HermesCompanionApp.swift */,
				5E8118B694B0A64F91BE0369 /* KeychainManager.swift */,
				9E4647E786299A5ADBD2D24D /* LocalLLMManager.swift */,
				13839144B0503760269527F6 /* Models.swift */,
				551BA7C230D94529FD10F5D2 /* SessionPickerView.swift */,
				90DC1456F9DDA1F6E6A9BC05 /* SettingsView.swift */,
				6346FF829FB3BF801B8602B2 /* VoiceConversationManager.swift */,
				86EA7AA684EE78863AEC2F0A /* VoiceConversationPage.swift */,
				111BD0D7A61F24FDA7ED165C /* VoiceSettingsView.swift */,
				323B4CE9CDC63D3E124F051B /* VoiceTranscriber.swift */,
				862E65AB22578E282334728E /* Themes */,
			);
			path = Sources;
			sourceTree = "<group>";
		};
		862E65AB22578E282334728E /* Themes */ = {
			isa = PBXGroup;
			children = (
				66A7E7C23745B5ED58953167 /* HermesThemes.swift */,
				2028A3E91C21B0A78D04F0BC /* TerminalThemes.swift */,
			);
			path = Themes;
			sourceTree = "<group>";
		};
/* End PBXGroup section */

/* Begin PBXNativeTarget section */
		2FCC291CB54A965A8FBCF67F /* HermesCompanion */ = {
			isa = PBXNativeTarget;
			buildConfigurationList = 881D87CA168E0B21F98ED501 /* Build configuration list for PBXNativeTarget "HermesCompanion" */;
			buildPhases = (
				E510685563AA8BF3FA7686BD /* Sources */,
				B33D0AF3B4A1C8A04A83E73E /* Resources */,
			);
			buildRules = (
			);
			dependencies = (
			);
			name = HermesCompanion;
			packageProductDependencies = (
			);
			productName = HermesCompanion;
			productReference = A64856389980D1D73A2DC3C3 /* HermesCompanion.app */;
			productType = "com.apple.product-type.application";
		};
/* End PBXNativeTarget section */

/* Begin PBXProject section */
		3E7F1B91E50A184ED7195582 /* Project object */ = {
			isa = PBXProject;
			attributes = {
				BuildIndependentTargetsInParallel = YES;
				LastUpgradeCheck = 1430;
				TargetAttributes = {
					2FCC291CB54A965A8FBCF67F = {
						DevelopmentTeam = "";
						ProvisioningStyle = Automatic;
					};
				};
			};
			buildConfigurationList = EC70DD1BF27368D147734E05 /* Build configuration list for PBXProject "HermesCompanion" */;
			developmentRegion = en;
			hasScannedForEncodings = 0;
			knownRegions = (
				Base,
				en,
			);
			mainGroup = 396DEF30D87976E05A74CB21;
			minimizedProjectReferenceProxies = 1;
			preferredProjectObjectVersion = 77;
			productRefGroup = 528A6F70550B0766167EF200 /* Products */;
			projectDirPath = "";
			projectRoot = "";
			targets = (
				2FCC291CB54A965A8FBCF67F /* HermesCompanion */,
			);
		};
/* End PBXProject section */

/* Begin PBXResourcesBuildPhase section */
		B33D0AF3B4A1C8A04A83E73E /* Resources */ = {
			isa = PBXResourcesBuildPhase;
			buildActionMask = 2147483647;
			files = (
				61377F4AC5E3A85BA6402496 /* Assets.xcassets in Resources */,
			);
			runOnlyForDeploymentPostprocessing = 0;
		};
/* End PBXResourcesBuildPhase section */

/* Begin PBXSourcesBuildPhase section */
		E510685563AA8BF3FA7686BD /* Sources */ = {
			isa = PBXSourcesBuildPhase;
			buildActionMask = 2147483647;
			files = (
				848AF4A8EBE61688B4E15948 /* AppConfig.swift in Sources */,
				1E7817CB4161ADFFE75D5B79 /* AppStore.swift in Sources */,
				159D645ED21E0A0B268E972B /* AppearanceSettings.swift in Sources */,
				E17EEB828AE68D190408C742 /* AppearanceSettingsView.swift in Sources */,
				3C5B316A8C97FB0309855517 /* ChatView.swift in Sources */,
				7ECDCA84AFB356E702178F2A /* ConnectionSetupView.swift in Sources */,
				A7C964BA91BD19B6BE8FA0B9 /* FilePickerView.swift in Sources */,
				65563F266A0294EAAF0008E5 /* GlassTheme.swift in Sources */,
				090713634A1A6AA642140833 /* HermesAPIClient.swift in Sources */,
				8169CA68B0F068C4C454AA05 /* HermesCompanionApp.swift in Sources */,
				1CEEEA7AA202CFB1EACF6FBA /* HermesThemes.swift in Sources */,
				3A321980B7C573E252E73B94 /* KeychainManager.swift in Sources */,
				6B6F48425CBD5DB39DFA0D17 /* LocalLLMManager.swift in Sources */,
				9326CB4014893810CB4C04B4 /* Models.swift in Sources */,
				E5A0A1B90BAD77CBA352019D /* SessionPickerView.swift in Sources */,
				46B86EDE872B162DFABA640A /* SettingsView.swift in Sources */,
				DF0FB0C835B0C2295CADEA9F /* TerminalThemes.swift in Sources */,
				67280C486BF59EDE78845066 /* VoiceConversationManager.swift in Sources */,
				6880344859436CE0F8CC146A /* VoiceConversationPage.swift in Sources */,
				06BDC2D2907A6188CDF10CDE /* VoiceSettingsView.swift in Sources */,
				5DC81AF16C507C454840EB47 /* VoiceTranscriber.swift in Sources */,
			);
			runOnlyForDeploymentPostprocessing = 0;
		};
/* End PBXSourcesBuildPhase section */

/* Begin XCBuildConfiguration section */
		6BA798C7A60A46CF8FC268EB /* Release */ = {
			isa = XCBuildConfiguration;
			buildSettings = {
				ASSETCATALOG_COMPILER_APPICON_NAME = AppIcon;
				CODE_SIGN_IDENTITY = "Apple Development";
				CODE_SIGN_STYLE = Automatic;
				CURRENT_PROJECT_VERSION = 52;
				DEBUG_INFORMATION_FORMAT = dwarf;
				DEVELOPMENT_TEAM = "";
				ENABLE_PREVIEWS = YES;
				GCC_OPTIMIZATION_LEVEL = 0;
				INFOPLIST_FILE = Sources/Info.plist;
				LD_RUNPATH_SEARCH_PATHS = (
					"$(inherited)",
					"@executable_path/Frameworks",
				);
				LLVM_DEBUG_SYMBOLS = NO;
				MARKETING_VERSION = 1.8.23;
				PRODUCT_BUNDLE_IDENTIFIER = com.chibitek.hermescompanion;
				SDKROOT = iphoneos;
				SUPPORTS_MACCATALYST = NO;
				TARGETED_DEVICE_FAMILY = "1,2";
			};
			name = Release;
		};
		6EE02AE42D14AE659313DBC4 /* Debug */ = {
			isa = XCBuildConfiguration;
			buildSettings = {
				ASSETCATALOG_COMPILER_APPICON_NAME = AppIcon;
				CODE_SIGN_IDENTITY = "Apple Development";
				CODE_SIGN_STYLE = Automatic;
				CURRENT_PROJECT_VERSION = 52;
				DEBUG_INFORMATION_FORMAT = dwarf;
				DEVELOPMENT_TEAM = "";
				ENABLE_PREVIEWS = YES;
				GCC_OPTIMIZATION_LEVEL = 0;
				INFOPLIST_FILE = Sources/Info.plist;
				LD_RUNPATH_SEARCH_PATHS = (
					"$(inherited)",
					"@executable_path/Frameworks",
				);
				LLVM_DEBUG_SYMBOLS = NO;
				MARKETING_VERSION = 1.8.23;
				PRODUCT_BUNDLE_IDENTIFIER = com.chibitek.hermescompanion;
				SDKROOT = iphoneos;
				SUPPORTS_MACCATALYST = NO;
				TARGETED_DEVICE_FAMILY = "1,2";
			};
			name = Debug;
		};
		74E829D9D2333514F99848F9 /* Debug */ = {
			isa = XCBuildConfiguration;
			buildSettings = {
				ALWAYS_SEARCH_USER_PATHS = NO;
				ASSETCATALOG_COMPILER_APPICON_NAME = AppIcon;
				ASSETCATALOG_COMPILER_GLOBAL_ACCENT_COLOR_NAME = AccentColor;
				CLANG_ANALYZER_NONNULL = YES;
				CLANG_ANALYZER_NUMBER_OBJECT_CONVERSION = YES_AGGRESSIVE;
				CLANG_CXX_LANGUAGE_STANDARD = "gnu++14";
				CLANG_CXX_LIBRARY = "libc++";
				CLANG_ENABLE_MODULES = YES;
				CLANG_ENABLE_OBJC_ARC = YES;
				CLANG_ENABLE_OBJC_WEAK = YES;
				CLANG_WARN_BLOCK_CAPTURE_AUTORELEASING = YES;
				CLANG_WARN_BOOL_CONVERSION = YES;
				CLANG_WARN_COMMA = YES;
				CLANG_WARN_CONSTANT_CONVERSION = YES;
				CLANG_WARN_DEPRECATED_OBJC_IMPLEMENTATIONS = YES;
				CLANG_WARN_DIRECT_OBJC_ISA_USAGE = YES_ERROR;
				CLANG_WARN_DOCUMENTATION_COMMENTS = YES;
				CLANG_WARN_EMPTY_BODY = YES;
				CLANG_WARN_ENUM_CONVERSION = YES;
				CLANG_WARN_INFINITE_RECURSION = YES;
				CLANG_WARN_INT_CONVERSION = YES;
				CLANG_WARN_NON_LITERAL_NULL_CONVERSION = YES;
				CLANG_WARN_OBJC_IMPLICIT_RETAIN_SELF = YES;
				CLANG_WARN_OBJC_LITERAL_CONVERSION = YES;
				CLANG_WARN_OBJC_ROOT_CLASS = YES_ERROR;
				CLANG_WARN_QUOTED_INCLUDE_IN_FRAMEWORK_HEADER = YES;
				CLANG_WARN_RANGE_LOOP_ANALYSIS = YES;
				CLANG_WARN_STRICT_PROTOTYPES = YES;
				CLANG_WARN_SUSPICIOUS_MOVE = YES;
				CLANG_WARN_UNGUARDED_AVAILABILITY = YES_AGGRESSIVE;
				CLANG_WARN_UNREACHABLE_CODE = YES;
				CLANG_WARN__DUPLICATE_METHOD_MATCH = YES;
				COPY_PHASE_STRIP = NO;
				DEBUG_INFORMATION_FORMAT = dwarf;
				ENABLE_BITCODE = NO;
				ENABLE_STRICT_OBJC_MSGSEND = YES;
				ENABLE_TESTABILITY = YES;
				GCC_C_LANGUAGE_STANDARD = gnu11;
				GCC_DYNAMIC_NO_PIC = NO;
				GCC_NO_COMMON_BLOCKS = YES;
				GCC_OPTIMIZATION_LEVEL = 0;
				GCC_PREPROCESSOR_DEFINITIONS = (
					"$(inherited)",
					"DEBUG=1",
				);
				GCC_WARN_64_TO_32_BIT_CONVERSION = YES;
				GCC_WARN_ABOUT_RETURN_TYPE = YES_ERROR;
				GCC_WARN_UNDECLARED_SELECTOR = YES;
				GCC_WARN_UNINITIALIZED_AUTOS = YES_AGGRESSIVE;
				GCC_WARN_UNUSED_FUNCTION = YES;
				GCC_WARN_UNUSED_VARIABLE = YES;
				IPHONEOS_DEPLOYMENT_TARGET = 26.0;
				MTL_ENABLE_DEBUG_INFO = INCLUDE_SOURCE;
				MTL_FAST_MATH = YES;
				ONLY_ACTIVE_ARCH = YES;
				PRODUCT_NAME = "$(TARGET_NAME)";
				SDKROOT = iphoneos;
				SWIFT_ACTIVE_COMPILATION_CONDITIONS = DEBUG;
				SWIFT_OPTIMIZATION_LEVEL = "-Onone";
				SWIFT_TREAT_WARNINGS_AS_ERRORS = NO;
				SWIFT_VERSION = 5.0;
			};
			name = Debug;
		};
		A73340FC71F11B0963074E5A /* Release */ = {
			isa = XCBuildConfiguration;
			buildSettings = {
				ALWAYS_SEARCH_USER_PATHS = NO;
				ASSETCATALOG_COMPILER_APPICON_NAME = AppIcon;
				ASSETCATALOG_COMPILER_GLOBAL_ACCENT_COLOR_NAME = AccentColor;
				CLANG_ANALYZER_NONNULL = YES;
				CLANG_ANALYZER_NUMBER_OBJECT_CONVERSION = YES_AGGRESSIVE;
				CLANG_CXX_LANGUAGE_STANDARD = "gnu++14";
				CLANG_CXX_LIBRARY = "libc++";
				CLANG_ENABLE_MODULES = YES;
				CLANG_ENABLE_OBJC_ARC = YES;
				CLANG_ENABLE_OBJC_WEAK = YES;
				CLANG_WARN_BLOCK_CAPTURE_AUTORELEASING = YES;
				CLANG_WARN_BOOL_CONVERSION = YES;
				CLANG_WARN_COMMA = YES;
				CLANG_WARN_CONSTANT_CONVERSION = YES;
				CLANG_WARN_DEPRECATED_OBJC_IMPLEMENTATIONS = YES;
				CLANG_WARN_DIRECT_OBJC_ISA_USAGE = YES_ERROR;
				CLANG_WARN_DOCUMENTATION_COMMENTS = YES;
				CLANG_WARN_EMPTY_BODY = YES;
				CLANG_WARN_ENUM_CONVERSION = YES;
				CLANG_WARN_INFINITE_RECURSION = YES;
				CLANG_WARN_INT_CONVERSION = YES;
				CLANG_WARN_NON_LITERAL_NULL_CONVERSION = YES;
				CLANG_WARN_OBJC_IMPLICIT_RETAIN_SELF = YES;
				CLANG_WARN_OBJC_LITERAL_CONVERSION = YES;
				CLANG_WARN_OBJC_ROOT_CLASS = YES_ERROR;
				CLANG_WARN_QUOTED_INCLUDE_IN_FRAMEWORK_HEADER = YES;
				CLANG_WARN_RANGE_LOOP_ANALYSIS = YES;
				CLANG_WARN_STRICT_PROTOTYPES = YES;
				CLANG_WARN_SUSPICIOUS_MOVE = YES;
				CLANG_WARN_UNGUARDED_AVAILABILITY = YES_AGGRESSIVE;
				CLANG_WARN_UNREACHABLE_CODE = YES;
				CLANG_WARN__DUPLICATE_METHOD_MATCH = YES;
				COPY_PHASE_STRIP = NO;
				DEBUG_INFORMATION_FORMAT = "dwarf-with-dsym";
				ENABLE_BITCODE = NO;
				ENABLE_NS_ASSERTIONS = NO;
				ENABLE_STRICT_OBJC_MSGSEND = YES;
				GCC_C_LANGUAGE_STANDARD = gnu11;
				GCC_NO_COMMON_BLOCKS = YES;
				GCC_WARN_64_TO_32_BIT_CONVERSION = YES;
				GCC_WARN_ABOUT_RETURN_TYPE = YES_ERROR;
				GCC_WARN_UNDECLARED_SELECTOR = YES;
				GCC_WARN_UNINITIALIZED_AUTOS = YES_AGGRESSIVE;
				GCC_WARN_UNUSED_FUNCTION = YES;
				GCC_WARN_UNUSED_VARIABLE = YES;
				IPHONEOS_DEPLOYMENT_TARGET = 26.0;
				MTL_ENABLE_DEBUG_INFO = NO;
				MTL_FAST_MATH = YES;
				PRODUCT_NAME = "$(TARGET_NAME)";
				SDKROOT = iphoneos;
				SWIFT_COMPILATION_MODE = wholemodule;
				SWIFT_OPTIMIZATION_LEVEL = "-O";
				SWIFT_TREAT_WARNINGS_AS_ERRORS = NO;
				SWIFT_VERSION = 5.0;
			};
			name = Release;
		};
/* End XCBuildConfiguration section */

/* Begin XCConfigurationList section */
		881D87CA168E0B21F98ED501 /* Build configuration list for PBXNativeTarget "HermesCompanion" */ = {
			isa = XCConfigurationList;
			buildConfigurations = (
				6EE02AE42D14AE659313DBC4 /* Debug */,
				6BA798C7A60A46CF8FC268EB /* Release */,
			);
			defaultConfigurationIsVisible = 0;
			defaultConfigurationName = Debug;
		};
		EC70DD1BF27368D147734E05 /* Build configuration list for PBXProject "HermesCompanion" */ = {
			isa = XCConfigurationList;
			buildConfigurations = (
				74E829D9D2333514F99848F9 /* Debug */,
				A73340FC71F11B0963074E5A /* Release */,
			);
			defaultConfigurationIsVisible = 0;
			defaultConfigurationName = Debug;
		};
/* End XCConfigurationList section */
	};
	rootObject = 3E7F1B91E50A184ED7195582 /* Project object */;
}
